
Microsoft Visual Studio Solution File, Format Version 12.00
# Visual Studio Version 16
VisualStudioVersion = 16.0.31911.196
MinimumVisualStudioVersion = 10.0.40219.1
Project("{FAE04EC0-301F-11D3-BF4B-00C04F79EFBC}") = "TestProject1", "TestProject1\TestProject1.csproj", "{56448527-4B6B-4EF4-8F07-31116C815BAB}"
EndProject
Project("{FAE04EC0-301F-11D3-BF4B-00C04F79EFBC}") = "TafeEnrolment1", "TafeEnrolment1\TafeEnrolment1.csproj", "{B0571027-EB8E-493C-9FFF-0514335A4176}"
EndProject
Global
	GlobalSection(SolutionConfigurationPlatforms) = preSolution
		Debug|Any CPU = Debug|Any CPU
		Release|Any CPU = Release|Any CPU
	EndGlobalSection
	GlobalSection(ProjectConfigurationPlatforms) = postSolution
		{56448527-4B6B-4EF4-8F07-31116C815BAB}.Debug|Any CPU.ActiveCfg = Debug|Any CPU
		{56448527-4B6B-4EF4-8F07-31116C815BAB}.Debug|Any CPU.Build.0 = Debug|Any CPU
		{56448527-4B6B-4EF4-8F07-31116C815BAB}.Release|Any CPU.ActiveCfg = Release|Any CPU
		{56448527-4B6B-4EF4-8F07-31116C815BAB}.Release|Any CPU.Build.0 = Release|Any CPU
		{B0571027-EB8E-493C-9FFF-0514335A4176}.Debug|Any CPU.ActiveCfg = Debug|Any CPU
		{B0571027-EB8E-493C-9FFF-0514335A4176}.Debug|Any CPU.Build.0 = Debug|Any CPU
		{B0571027-EB8E-493C-9FFF-0514335A4176}.Release|Any CPU.ActiveCfg = Release|Any CPU
		{B0571027-EB8E-493C-9FFF-0514335A4176}.Release|Any CPU.Build.0 = Release|Any CPU
	EndGlobalSection
	GlobalSection(SolutionProperties) = preSolution
		HideSolutionNode = FALSE
	EndGlobalSection
	GlobalSection(ExtensibilityGlobals) = postSolution
		SolutionGuid = {59408391-65D6-46AE-B4E3-4763DAC401B6}
	EndGlobalSection
EndGlobal
